// !$*UTF8*$!
{
	archiveVersion = 1;
	classes = {
	};
	objectVersion = 55;
	objects = {

/* Begin PBXBuildFile section */
		A27E87B428C5E8BA00FCB274 /* SideMenu.swift in Sources */ = {isa = PBXBuildFile; fileRef = A27E87B328C5E8BA00FCB274 /* SideMenu.swift */; };
		A27E87B628C5F0F700FCB274 /* MenuRow.swift in Sources */ = {isa = PBXBuildFile; fileRef = A27E87B528C5F0F700FCB274 /* MenuRow.swift */; };
		A2DB1EE428C3E405004C694E /* AnimatedApp.swift in Sources */ = {isa = PBXBuildFile; fileRef = A2DB1EE328C3E405004C694E /* AnimatedApp.swift */; };
		A2DB1EE628C3E405004C694E /* ContentView.swift in Sources */ = {isa = PBXBuildFile; fileRef = A2DB1EE528C3E405004C694E /* ContentView.swift */; };
		A2DB1EE828C3E408004C694E /* Assets.xcassets in Resources */ = {isa = PBXBuildFile; fileRef = A2DB1EE728C3E408004C694E /* Assets.xcassets */; };
		A2DB1EEB28C3E408004C694E /* Preview Assets.xcassets in Resources */ = {isa = PBXBuildFile; fileRef = A2DB1EEA28C3E408004C694E /* Preview Assets.xcassets */; };
		A2DB1EF928C3E487004C694E /* house.riv in Resources */ = {isa = PBXBuildFile; fileRef = A2DB1EF228C3E487004C694E /* house.riv */; };
		A2DB1EFA28C3E487004C694E /* confetti.riv in Resources */ = {isa = PBXBuildFile; fileRef = A2DB1EF328C3E487004C694E /* confetti.riv */; };
		A2DB1EFB28C3E487004C694E /* check.riv in Resources */ = {isa = PBXBuildFile; fileRef = A2DB1EF428C3E487004C694E /* check.riv */; };
		A2DB1EFC28C3E487004C694E /* menu_button.riv in Resources */ = {isa = PBXBuildFile; fileRef = A2DB1EF528C3E487004C694E /* menu_button.riv */; };
		A2DB1EFD28C3E487004C694E /* shapes.riv in Resources */ = {isa = PBXBuildFile; fileRef = A2DB1EF628C3E487004C694E /* shapes.riv */; };
		A2DB1EFE28C3E487004C694E /* button.riv in Resources */ = {isa = PBXBuildFile; fileRef = A2DB1EF728C3E487004C694E /* button.riv */; };
		A2DB1EFF28C3E487004C694E /* icons.riv in Resources */ = {isa = PBXBuildFile; fileRef = A2DB1EF828C3E487004C694E /* icons.riv */; };
		A2DB1F0228C3E5C0004C694E /* RiveRuntime in Frameworks */ = {isa = PBXBuildFile; productRef = A2DB1F0128C3E5C0004C694E /* RiveRuntime */; };
		A2DB1F0428C3E5D1004C694E /* OnboardingView.swift in Sources */ = {isa = PBXBuildFile; fileRef = A2DB1F0328C3E5D1004C694E /* OnboardingView.swift */; };
		A2DB1F0928C3E7A6004C694E /* Inter-Regular.ttf in Resources */ = {isa = PBXBuildFile; fileRef = A2DB1F0628C3E7A6004C694E /* Inter-Regular.ttf */; };
		A2DB1F0A28C3E7A6004C694E /* Poppins-Bold.ttf in Resources */ = {isa = PBXBuildFile; fileRef = A2DB1F0728C3E7A6004C694E /* Poppins-Bold.ttf */; };
		A2DB1F0B28C3E7A6004C694E /* Inter-SemiBold.ttf in Resources */ = {isa = PBXBuildFile; fileRef = A2DB1F0828C3E7A6004C694E /* Inter-SemiBold.ttf */; };
		A2DB1F0E28C3F05C004C694E /* CustomFont.swift in Sources */ = {isa = PBXBuildFile; fileRef = A2DB1F0D28C3F05C004C694E /* CustomFont.swift */; };
		A2DB1F1028C3F733004C694E /* SignInView.swift in Sources */ = {isa = PBXBuildFile; fileRef = A2DB1F0F28C3F733004C694E /* SignInView.swift */; };
		A2DB1F1228C40BA6004C694E /* CustomTextField.swift in Sources */ = {isa = PBXBuildFile; fileRef = A2DB1F1128C40BA6004C694E /* CustomTextField.swift */; };
		A2DB1F1428C40EA4004C694E /* Extensions.swift in Sources */ = {isa = PBXBuildFile; fileRef = A2DB1F1328C40EA4004C694E /* Extensions.swift */; };
		A2E4455E28C5439400A3C43D /* TabBar.swift in Sources */ = {isa = PBXBuildFile; fileRef = A2E4455D28C5439300A3C43D /* TabBar.swift */; };
		A2E4456228C55A4800A3C43D /* CourseSection.swift in Sources */ = {isa = PBXBuildFile; fileRef = A2E4456028C55A4800A3C43D /* CourseSection.swift */; };
		A2E4456328C55A4800A3C43D /* Course.swift in Sources */ = {isa = PBXBuildFile; fileRef = A2E4456128C55A4800A3C43D /* Course.swift */; };
		A2E4456528C55A7900A3C43D /* VCard.swift in Sources */ = {isa = PBXBuildFile; fileRef = A2E4456428C55A7900A3C43D /* VCard.swift */; };
		A2E4456728C55F0E00A3C43D /* HCard.swift in Sources */ = {isa = PBXBuildFile; fileRef = A2E4456628C55F0E00A3C43D /* HCard.swift */; };
		A2E4456928C5605D00A3C43D /* HomeView.swift in Sources */ = {isa = PBXBuildFile; fileRef = A2E4456828C5605D00A3C43D /* HomeView.swift */; };
/* End PBXBuildFile section */

/* Begin PBXFileReference section */
		A27E87B328C5E8BA00FCB274 /* SideMenu.swift */ = {isa = PBXFileReference; lastKnownFileType = sourcecode.swift; path = SideMenu.swift; sourceTree = "<group>"; };
		A27E87B528C5F0F700FCB274 /* MenuRow.swift */ = {isa = PBXFileReference; lastKnownFileType = sourcecode.swift; path = MenuRow.swift; sourceTree = "<group>"; };
		A2DB1EE028C3E405004C694E /* Animated.app */ = {isa = PBXFileReference; explicitFileType = wrapper.application; includeInIndex = 0; path = Animated.app; sourceTree = BUILT_PRODUCTS_DIR; };
		A2DB1EE328C3E405004C694E /* AnimatedApp.swift */ = {isa = PBXFileReference; lastKnownFileType = sourcecode.swift; path = AnimatedApp.swift; sourceTree = "<group>"; };
		A2DB1EE528C3E405004C694E /* ContentView.swift */ = {isa = PBXFileReference; lastKnownFileType = sourcecode.swift; path = ContentView.swift; sourceTree = "<group>"; };
		A2DB1EE728C3E408004C694E /* Assets.xcassets */ = {isa = PBXFileReference; lastKnownFileType = folder.assetcatalog; path = Assets.xcassets; sourceTree = "<group>"; };
		A2DB1EEA28C3E408004C694E /* Preview Assets.xcassets */ = {isa = PBXFileReference; lastKnownFileType = folder.assetcatalog; path = "Preview Assets.xcassets"; sourceTree = "<group>"; };
		A2DB1EF228C3E487004C694E /* house.riv */ = {isa = PBXFileReference; lastKnownFileType = file; path = house.riv; sourceTree = "<group>"; };
		A2DB1EF328C3E487004C694E /* confetti.riv */ = {isa = PBXFileReference; lastKnownFileType = file; path = confetti.riv; sourceTree = "<group>"; };
		A2DB1EF428C3E487004C694E /* check.riv */ = {isa = PBXFileReference; lastKnownFileType = file; path = check.riv; sourceTree = "<group>"; };
		A2DB1EF528C3E487004C694E /* menu_button.riv */ = {isa = PBXFileReference; lastKnownFileType = file; path = menu_button.riv; sourceTree = "<group>"; };
		A2DB1EF628C3E487004C694E /* shapes.riv */ = {isa = PBXFileReference; lastKnownFileType = file; path = shapes.riv; sourceTree = "<group>"; };
		A2DB1EF728C3E487004C694E /* button.riv */ = {isa = PBXFileReference; lastKnownFileType = file; path = button.riv; sourceTree = "<group>"; };
		A2DB1EF828C3E487004C694E /* icons.riv */ = {isa = PBXFileReference; lastKnownFileType = file; path = icons.riv; sourceTree = "<group>"; };
		A2DB1F0328C3E5D1004C694E /* OnboardingView.swift */ = {isa = PBXFileReference; lastKnownFileType = sourcecode.swift; path = OnboardingView.swift; sourceTree = "<group>"; };
		A2DB1F0628C3E7A6004C694E /* Inter-Regular.ttf */ = {isa = PBXFileReference; lastKnownFileType = file; path = "Inter-Regular.ttf"; sourceTree = "<group>"; };
		A2DB1F0728C3E7A6004C694E /* Poppins-Bold.ttf */ = {isa = PBXFileReference; lastKnownFileType = file; path = "Poppins-Bold.ttf"; sourceTree = "<group>"; };
		A2DB1F0828C3E7A6004C694E /* Inter-SemiBold.ttf */ = {isa = PBXFileReference; lastKnownFileType = file; path = "Inter-SemiBold.ttf"; sourceTree = "<group>"; };
		A2DB1F0C28C3E7D6004C694E /* Info.plist */ = {isa = PBXFileReference; lastKnownFileType = text.plist; path = Info.plist; sourceTree = "<group>"; };
		A2DB1F0D28C3F05C004C694E /* CustomFont.swift */ = {isa = PBXFileReference; lastKnownFileType = sourcecode.swift; path = CustomFont.swift; sourceTree = "<group>"; };
		A2DB1F0F28C3F733004C694E /* SignInView.swift */ = {isa = PBXFileReference; lastKnownFileType = sourcecode.swift; path = SignInView.swift; sourceTree = "<group>"; };
		A2DB1F1128C40BA6004C694E /* CustomTextField.swift */ = {isa = PBXFileReference; lastKnownFileType = sourcecode.swift; path = CustomTextField.swift; sourceTree = "<group>"; };
		A2DB1F1328C40EA4004C694E /* Extensions.swift */ = {isa = PBXFileReference; lastKnownFileType = sourcecode.swift; path = Extensions.swift; sourceTree = "<group>"; };
		A2E4455D28C5439300A3C43D /* TabBar.swift */ = {isa = PBXFileReference; lastKnownFileType = sourcecode.swift; path = TabBar.swift; sourceTree = "<group>"; };
		A2E4456028C55A4800A3C43D /* CourseSection.swift */ = {isa = PBXFileReference; fileEncoding = 4; lastKnownFileType = sourcecode.swift; path = CourseSection.swift; sourceTree = "<group>"; };
		A2E4456128C55A4800A3C43D /* Course.swift */ = {isa = PBXFileReference; fileEncoding = 4; lastKnownFileType = sourcecode.swift; path = Course.swift; sourceTree = "<group>"; };
		A2E4456428C55A7900A3C43D /* VCard.swift */ = {isa = PBXFileReference; lastKnownFileType = sourcecode.swift; path = VCard.swift; sourceTree = "<group>"; };
		A2E4456628C55F0E00A3C43D /* HCard.swift */ = {isa = PBXFileReference; lastKnownFileType = sourcecode.swift; path = HCard.swift; sourceTree = "<group>"; };
		A2E4456828C5605D00A3C43D /* HomeView.swift */ = {isa = PBXFileReference; lastKnownFileType = sourcecode.swift; path = HomeView.swift; sourceTree = "<group>"; };
/* End PBXFileReference section */

/* Begin PBXFrameworksBuildPhase section */
		A2DB1EDD28C3E405004C694E /* Frameworks */ = {
			isa = PBXFrameworksBuildPhase;
			buildActionMask = 2147483647;
			files = (
				A2DB1F0228C3E5C0004C694E /* RiveRuntime in Frameworks */,
			);
			runOnlyForDeploymentPostprocessing = 0;
		};
/* End PBXFrameworksBuildPhase section */

/* Begin PBXGroup section */
		A27E87B728C6038800FCB274 /* Components */ = {
			isa = PBXGroup;
			children = (
				A27E87B528C5F0F700FCB274 /* MenuRow.swift */,
				A2E4456428C55A7900A3C43D /* VCard.swift */,
				A2E4456628C55F0E00A3C43D /* HCard.swift */,
			);
			path = Components;
			sourceTree = "<group>";
		};
		A27E87B828C6039900FCB274 /* Navigation */ = {
			isa = PBXGroup;
			children = (
				A2DB1EE528C3E405004C694E /* ContentView.swift */,
				A27E87B328C5E8BA00FCB274 /* SideMenu.swift */,
				A2E4455D28C5439300A3C43D /* TabBar.swift */,
			);
			path = Navigation;
			sourceTree = "<group>";
		};
		A2DB1ED728C3E405004C694E = {
			isa = PBXGroup;
			children = (
				A2DB1EE228C3E405004C694E /* Animated */,
				A2DB1EE128C3E405004C694E /* Products */,
			);
			sourceTree = "<group>";
		};
		A2DB1EE128C3E405004C694E /* Products */ = {
			isa = PBXGroup;
			children = (
				A2DB1EE028C3E405004C694E /* Animated.app */,
			);
			name = Products;
			sourceTree = "<group>";
		};
		A2DB1EE228C3E405004C694E /* Animated */ = {
			isa = PBXGroup;
			children = (
				A2DB1F0C28C3E7D6004C694E /* Info.plist */,
				A2DB1EE328C3E405004C694E /* AnimatedApp.swift */,
				A27E87B828C6039900FCB274 /* Navigation */,
				A27E87B728C6038800FCB274 /* Components */,
				A2E4455B28C542AD00A3C43D /* Views */,
				A2E4455C28C542B500A3C43D /* Styles */,
				A2E4455F28C55A4800A3C43D /* Model */,
				A2DB1EE728C3E408004C694E /* Assets.xcassets */,
				A2DB1F0528C3E7A6004C694E /* Fonts */,
				A2DB1EF128C3E487004C694E /* RiveAssets */,
				A2DB1EE928C3E408004C694E /* Preview Content */,
			);
			path = Animated;
			sourceTree = "<group>";
		};
		A2DB1EE928C3E408004C694E /* Preview Content */ = {
			isa = PBXGroup;
			children = (
				A2DB1EEA28C3E408004C694E /* Preview Assets.xcassets */,
			);
			path = "Preview Content";
			sourceTree = "<group>";
		};
		A2DB1EF128C3E487004C694E /* RiveAssets */ = {
			isa = PBXGroup;
			children = (
				A2DB1EF228C3E487004C694E /* house.riv */,
				A2DB1EF328C3E487004C694E /* confetti.riv */,
				A2DB1EF428C3E487004C694E /* check.riv */,
				A2DB1EF528C3E487004C694E /* menu_button.riv */,
				A2DB1EF628C3E487004C694E /* shapes.riv */,
				A2DB1EF728C3E487004C694E /* button.riv */,
				A2DB1EF828C3E487004C694E /* icons.riv */,
			);
			path = RiveAssets;
			sourceTree = "<group>";
		};
		A2DB1F0528C3E7A6004C694E /* Fonts */ = {
			isa = PBXGroup;
			children = (
				A2DB1F0628C3E7A6004C694E /* Inter-Regular.ttf */,
				A2DB1F0728C3E7A6004C694E /* Poppins-Bold.ttf */,
				A2DB1F0828C3E7A6004C694E /* Inter-SemiBold.ttf */,
			);
			path = Fonts;
			sourceTree = "<group>";
		};
		A2E4455B28C542AD00A3C43D /* Views */ = {
			isa = PBXGroup;
			children = (
				A2E4456828C5605D00A3C43D /* HomeView.swift */,
				A2DB1F0F28C3F733004C694E /* SignInView.swift */,
				A2DB1F0328C3E5D1004C694E /* OnboardingView.swift */,
			);
			path = Views;
			sourceTree = "<group>";
		};
		A2E4455C28C542B500A3C43D /* Styles */ = {
			isa = PBXGroup;
			children = (
				A2DB1F1328C40EA4004C694E /* Extensions.swift */,
				A2DB1F1128C40BA6004C694E /* CustomTextField.swift */,
				A2DB1F0D28C3F05C004C694E /* CustomFont.swift */,
			);
			path = Styles;
			sourceTree = "<group>";
		};
		A2E4455F28C55A4800A3C43D /* Model */ = {
			isa = PBXGroup;
			children = (
				A2E4456028C55A4800A3C43D /* CourseSection.swift */,
				A2E4456128C55A4800A3C43D /* Course.swift */,
			);
			path = Model;
			sourceTree = "<group>";
		};
/* End PBXGroup section */

/* Begin PBXNativeTarget section */
		A2DB1EDF28C3E405004C694E /* Animated */ = {
			isa = PBXNativeTarget;
			buildConfigurationList = A2DB1EEE28C3E408004C694E /* Build configuration list for PBXNativeTarget "Animated" */;
			buildPhases = (
				A2DB1EDC28C3E405004C694E /* Sources */,
				A2DB1EDD28C3E405004C694E /* Frameworks */,
				A2DB1EDE28C3E405004C694E /* Resources */,
			);
			buildRules = (
			);
			dependencies = (
			);
			name = Animated;
			packageProductDependencies = (
				A2DB1F0128C3E5C0004C694E /* RiveRuntime */,
			);
			productName = Animated;
			productReference = A2DB1EE028C3E405004C694E /* Animated.app */;
			productType = "com.apple.product-type.application";
		};
/* End PBXNativeTarget section */

/* Begin PBXProject section */
		A2DB1ED828C3E405004C694E /* Project object */ = {
			isa = PBXProject;
			attributes = {
				BuildIndependentTargetsInParallel = 1;
				LastSwiftUpdateCheck = 1340;
				LastUpgradeCheck = 1340;
				TargetAttributes = {
					A2DB1EDF28C3E405004C694E = {
						CreatedOnToolsVersion = 13.4;
					};
				};
			};
			buildConfigurationList = A2DB1EDB28C3E405004C694E /* Build configuration list for PBXProject "Animated" */;
			compatibilityVersion = "Xcode 13.0";
			developmentRegion = en;
			hasScannedForEncodings = 0;
			knownRegions = (
				en,
				Base,
			);
			mainGroup = A2DB1ED728C3E405004C694E;
			packageReferences = (
				A2DB1F0028C3E5C0004C694E /* XCRemoteSwiftPackageReference "rive-ios" */,
			);
			productRefGroup = A2DB1EE128C3E405004C694E /* Products */;
			projectDirPath = "";
			projectRoot = "";
			targets = (
				A2DB1EDF28C3E405004C694E /* Animated */,
			);
		};
/* End PBXProject section */

/* Begin PBXResourcesBuildPhase section */
		A2DB1EDE28C3E405004C694E /* Resources */ = {
			isa = PBXResourcesBuildPhase;
			buildActionMask = 2147483647;
			files = (
				A2DB1F0B28C3E7A6004C694E /* Inter-SemiBold.ttf in Resources */,
				A2DB1EFD28C3E487004C694E /* shapes.riv in Resources */,
				A2DB1EFB28C3E487004C694E /* check.riv in Resources */,
				A2DB1EEB28C3E408004C694E /* Preview Assets.xcassets in Resources */,
				A2DB1EFC28C3E487004C694E /* menu_button.riv in Resources */,
				A2DB1EF928C3E487004C694E /* house.riv in Resources */,
				A2DB1EFE28C3E487004C694E /* button.riv in Resources */,
				A2DB1F0928C3E7A6004C694E /* Inter-Regular.ttf in Resources */,
				A2DB1F0A28C3E7A6004C694E /* Poppins-Bold.ttf in Resources */,
				A2DB1EE828C3E408004C694E /* Assets.xcassets in Resources */,
				A2DB1EFA28C3E487004C694E /* confetti.riv in Resources */,
				A2DB1EFF28C3E487004C694E /* icons.riv in Resources */,
			);
			runOnlyForDeploymentPostprocessing = 0;
		};
/* End PBXResourcesBuildPhase section */

/* Begin PBXSourcesBuildPhase section */
		A2DB1EDC28C3E405004C694E /* Sources */ = {
			isa = PBXSourcesBuildPhase;
			buildActionMask = 2147483647;
			files = (
				A2E4456728C55F0E00A3C43D /* HCard.swift in Sources */,
				A2DB1F0428C3E5D1004C694E /* OnboardingView.swift in Sources */,
				A2E4456928C5605D00A3C43D /* HomeView.swift in Sources */,
				A27E87B428C5E8BA00FCB274 /* SideMenu.swift in Sources */,
				A2DB1F0E28C3F05C004C694E /* CustomFont.swift in Sources */,
				A2E4456328C55A4800A3C43D /* Course.swift in Sources */,
				A2DB1F1228C40BA6004C694E /* CustomTextField.swift in Sources */,
				A2E4455E28C5439400A3C43D /* TabBar.swift in Sources */,
				A2E4456528C55A7900A3C43D /* VCard.swift in Sources */,
				A2DB1EE628C3E405004C694E /* ContentView.swift in Sources */,
				A2DB1EE428C3E405004C694E /* AnimatedApp.swift in Sources */,
				A2DB1F1028C3F733004C694E /* SignInView.swift in Sources */,
				A2E4456228C55A4800A3C43D /* CourseSection.swift in Sources */,
				A2DB1F1428C40EA4004C694E /* Extensions.swift in Sources */,
				A27E87B628C5F0F700FCB274 /* MenuRow.swift in Sources */,
			);
			runOnlyForDeploymentPostprocessing = 0;
		};
/* End PBXSourcesBuildPhase section */

/* Begin XCBuildConfiguration section */
		A2DB1EEC28C3E408004C694E /* Debug */ = {
			isa = XCBuildConfiguration;
			buildSettings = {
				ALWAYS_SEARCH_USER_PATHS = NO;
				CLANG_ANALYZER_NONNULL = YES;
				CLANG_ANALYZER_NUMBER_OBJECT_CONVERSION = YES_AGGRESSIVE;
				CLANG_CXX_LANGUAGE_STANDARD = "gnu++17";
				CLANG_ENABLE_MODULES = YES;
				CLANG_ENABLE_OBJC_ARC = YES;
				CLANG_ENABLE_OBJC_WEAK = YES;
				CLANG_WARN_BLOCK_CAPTURE_AUTORELEASING = YES;
				CLANG_WARN_BOOL_CONVERSION = YES;
				CLANG_WARN_COMMA = YES;
				CLANG_WARN_CONSTANT_CONVERSION = YES;
				CLANG_WARN_DEPRECATED_OBJC_IMPLEMENTATIONS = YES;
				CLANG_WARN_DIRECT_OBJC_ISA_USAGE = YES_ERROR;
				CLANG_WARN_DOCUMENTATION_COMMENTS = YES;
				CLANG_WARN_EMPTY_BODY = YES;
				CLANG_WARN_ENUM_CONVERSION = YES;
				CLANG_WARN_INFINITE_RECURSION = YES;
				CLANG_WARN_INT_CONVERSION = YES;
				CLANG_WARN_NON_LITERAL_NULL_CONVERSION = YES;
				CLANG_WARN_OBJC_IMPLICIT_RETAIN_SELF = YES;
				CLANG_WARN_OBJC_LITERAL_CONVERSION = YES;
				CLANG_WARN_OBJC_ROOT_CLASS = YES_ERROR;
				CLANG_WARN_QUOTED_INCLUDE_IN_FRAMEWORK_HEADER = YES;
				CLANG_WARN_RANGE_LOOP_ANALYSIS = YES;
				CLANG_WARN_STRICT_PROTOTYPES = YES;
				CLANG_WARN_SUSPICIOUS_MOVE = YES;
				CLANG_WARN_UNGUARDED_AVAILABILITY = YES_AGGRESSIVE;
				CLANG_WARN_UNREACHABLE_CODE = YES;
				CLANG_WARN__DUPLICATE_METHOD_MATCH = YES;
				COPY_PHASE_STRIP = NO;
				DEBUG_INFORMATION_FORMAT = dwarf;
				ENABLE_STRICT_OBJC_MSGSEND = YES;
				ENABLE_TESTABILITY = YES;
				GCC_C_LANGUAGE_STANDARD = gnu11;
				GCC_DYNAMIC_NO_PIC = NO;
				GCC_NO_COMMON_BLOCKS = YES;
				GCC_OPTIMIZATION_LEVEL = 0;
				GCC_PREPROCESSOR_DEFINITIONS = (
					"DEBUG=1",
					"$(inherited)",
				);
				GCC_WARN_64_TO_32_BIT_CONVERSION = YES;
				GCC_WARN_ABOUT_RETURN_TYPE = YES_ERROR;
				GCC_WARN_UNDECLARED_SELECTOR = YES;
				GCC_WARN_UNINITIALIZED_AUTOS = YES_AGGRESSIVE;
				GCC_WARN_UNUSED_FUNCTION = YES;
				GCC_WARN_UNUSED_VARIABLE = YES;
				IPHONEOS_DEPLOYMENT_TARGET = 15.5;
				MTL_ENABLE_DEBUG_INFO = INCLUDE_SOURCE;
				MTL_FAST_MATH = YES;
				ONLY_ACTIVE_ARCH = YES;
				SDKROOT = iphoneos;
				SWIFT_ACTIVE_COMPILATION_CONDITIONS = DEBUG;
				SWIFT_OPTIMIZATION_LEVEL = "-Onone";
			};
			name = Debug;
		};
		A2DB1EED28C3E408004C694E /* Release */ = {
			isa = XCBuildConfiguration;
			buildSettings = {
				ALWAYS_SEARCH_USER_PATHS = NO;
				CLANG_ANALYZER_NONNULL = YES;
				CLANG_ANALYZER_NUMBER_OBJECT_CONVERSION = YES_AGGRESSIVE;
				CLANG_CXX_LANGUAGE_STANDARD = "gnu++17";
				CLANG_ENABLE_MODULES = YES;
				CLANG_ENABLE_OBJC_ARC = YES;
				CLANG_ENABLE_OBJC_WEAK = YES;
				CLANG_WARN_BLOCK_CAPTURE_AUTORELEASING = YES;
				CLANG_WARN_BOOL_CONVERSION = YES;
				CLANG_WARN_COMMA = YES;
				CLANG_WARN_CONSTANT_CONVERSION = YES;
				CLANG_WARN_DEPRECATED_OBJC_IMPLEMENTATIONS = YES;
				CLANG_WARN_DIRECT_OBJC_ISA_USAGE = YES_ERROR;
				CLANG_WARN_DOCUMENTATION_COMMENTS = YES;
				CLANG_WARN_EMPTY_BODY = YES;
				CLANG_WARN_ENUM_CONVERSION = YES;
				CLANG_WARN_INFINITE_RECURSION = YES;
				CLANG_WARN_INT_CONVERSION = YES;
				CLANG_WARN_NON_LITERAL_NULL_CONVERSION = YES;
				CLANG_WARN_OBJC_IMPLICIT_RETAIN_SELF = YES;
				CLANG_WARN_OBJC_LITERAL_CONVERSION = YES;
				CLANG_WARN_OBJC_ROOT_CLASS = YES_ERROR;
				CLANG_WARN_QUOTED_INCLUDE_IN_FRAMEWORK_HEADER = YES;
				CLANG_WARN_RANGE_LOOP_ANALYSIS = YES;
				CLANG_WARN_STRICT_PROTOTYPES = YES;
				CLANG_WARN_SUSPICIOUS_MOVE = YES;
				CLANG_WARN_UNGUARDED_AVAILABILITY = YES_AGGRESSIVE;
				CLANG_WARN_UNREACHABLE_CODE = YES;
				CLANG_WARN__DUPLICATE_METHOD_MATCH = YES;
				COPY_PHASE_STRIP = NO;
				DEBUG_INFORMATION_FORMAT = "dwarf-with-dsym";
				ENABLE_NS_ASSERTIONS = NO;
				ENABLE_STRICT_OBJC_MSGSEND = YES;
				GCC_C_LANGUAGE_STANDARD = gnu11;
				GCC_NO_COMMON_BLOCKS = YES;
				GCC_WARN_64_TO_32_BIT_CONVERSION = YES;
				GCC_WARN_ABOUT_RETURN_TYPE = YES_ERROR;
				GCC_WARN_UNDECLARED_SELECTOR = YES;
				GCC_WARN_UNINITIALIZED_AUTOS = YES_AGGRESSIVE;
				GCC_WARN_UNUSED_FUNCTION = YES;
				GCC_WARN_UNUSED_VARIABLE = YES;
				IPHONEOS_DEPLOYMENT_TARGET = 15.5;
				MTL_ENABLE_DEBUG_INFO = NO;
				MTL_FAST_MATH = YES;
				SDKROOT = iphoneos;
				SWIFT_COMPILATION_MODE = wholemodule;
				SWIFT_OPTIMIZATION_LEVEL = "-O";
				VALIDATE_PRODUCT = YES;
			};
			name = Release;
		};
		A2DB1EEF28C3E408004C694E /* Debug */ = {
			isa = XCBuildConfiguration;
			buildSettings = {
				ASSETCATALOG_COMPILER_APPICON_NAME = AppIcon;
				ASSETCATALOG_COMPILER_GLOBAL_ACCENT_COLOR_NAME = AccentColor;
				CODE_SIGN_STYLE = Automatic;
				CURRENT_PROJECT_VERSION = 1;
				DEVELOPMENT_ASSET_PATHS = "\"Animated/Preview Content\"";
				DEVELOPMENT_TEAM = 4CPXHR7FCP;
				ENABLE_PREVIEWS = YES;
				GENERATE_INFOPLIST_FILE = YES;
				INFOPLIST_FILE = Animated/Info.plist;
				INFOPLIST_KEY_UIApplicationSceneManifest_Generation = YES;
				INFOPLIST_KEY_UIApplicationSupportsIndirectInputEvents = YES;
				INFOPLIST_KEY_UILaunchScreen_Generation = YES;
				INFOPLIST_KEY_UISupportedInterfaceOrientations_iPad = "UIInterfaceOrientationPortrait UIInterfaceOrientationPortraitUpsideDown UIInterfaceOrientationLandscapeLeft UIInterfaceOrientationLandscapeRight";
				INFOPLIST_KEY_UISupportedInterfaceOrientations_iPhone = "UIInterfaceOrientationPortrait UIInterfaceOrientationLandscapeLeft UIInterfaceOrientationLandscapeRight";
				IPHONEOS_DEPLOYMENT_TARGET = 15.0;
				LD_RUNPATH_SEARCH_PATHS = (
					"$(inherited)",
					"@executable_path/Frameworks",
				);
				MARKETING_VERSION = 1.0;
				PRODUCT_BUNDLE_IDENTIFIER = brad.animated3.Animated;
				PRODUCT_NAME = "$(TARGET_NAME)";
				SWIFT_EMIT_LOC_STRINGS = YES;
				SWIFT_VERSION = 5.0;
				TARGETED_DEVICE_FAMILY = 1;
			};
			name = Debug;
		};
		A2DB1EF028C3E408004C694E /* Release */ = {
			isa = XCBuildConfiguration;
			buildSettings = {
				ASSETCATALOG_COMPILER_APPICON_NAME = AppIcon;
				ASSETCATALOG_COMPILER_GLOBAL_ACCENT_COLOR_NAME = AccentColor;
				CODE_SIGN_STYLE = Automatic;
				CURRENT_PROJECT_VERSION = 1;
				DEVELOPMENT_ASSET_PATHS = "\"Animated/Preview Content\"";
				DEVELOPMENT_TEAM = 4CPXHR7FCP;
				ENABLE_PREVIEWS = YES;
				GENERATE_INFOPLIST_FILE = YES;
				INFOPLIST_FILE = Animated/Info.plist;
				INFOPLIST_KEY_UIApplicationSceneManifest_Generation = YES;
				INFOPLIST_KEY_UIApplicationSupportsIndirectInputEvents = YES;
				INFOPLIST_KEY_UILaunchScreen_Generation = YES;
				INFOPLIST_KEY_UISupportedInterfaceOrientations_iPad = "UIInterfaceOrientationPortrait UIInterfaceOrientationPortraitUpsideDown UIInterfaceOrientationLandscapeLeft UIInterfaceOrientationLandscapeRight";
				INFOPLIST_KEY_UISupportedInterfaceOrientations_iPhone = "UIInterfaceOrientationPortrait UIInterfaceOrientationLandscapeLeft UIInterfaceOrientationLandscapeRight";
				IPHONEOS_DEPLOYMENT_TARGET = 15.0;
				LD_RUNPATH_SEARCH_PATHS = (
					"$(inherited)",
					"@executable_path/Frameworks",
				);
				MARKETING_VERSION = 1.0;
				PRODUCT_BUNDLE_IDENTIFIER = brad.animated3.Animated;
				PRODUCT_NAME = "$(TARGET_NAME)";
				SWIFT_EMIT_LOC_STRINGS = YES;
				SWIFT_VERSION = 5.0;
				TARGETED_DEVICE_FAMILY = 1;
			};
			name = Release;
		};
/* End XCBuildConfiguration section */

/* Begin XCConfigurationList section */
		A2DB1EDB28C3E405004C694E /* Build configuration list for PBXProject "Animated" */ = {
			isa = XCConfigurationList;
			buildConfigurations = (
				A2DB1EEC28C3E408004C694E /* Debug */,
				A2DB1EED28C3E408004C694E /* Release */,
			);
			defaultConfigurationIsVisible = 0;
			defaultConfigurationName = Release;
		};
		A2DB1EEE28C3E408004C694E /* Build configuration list for PBXNativeTarget "Animated" */ = {
			isa = XCConfigurationList;
			buildConfigurations = (
				A2DB1EEF28C3E408004C694E /* Debug */,
				A2DB1EF028C3E408004C694E /* Release */,
			);
			defaultConfigurationIsVisible = 0;
			defaultConfigurationName = Release;
		};
/* End XCConfigurationList section */

/* Begin XCRemoteSwiftPackageReference section */
		A2DB1F0028C3E5C0004C694E /* XCRemoteSwiftPackageReference "rive-ios" */ = {
			isa = XCRemoteSwiftPackageReference;
			repositoryURL = "https://github.com/rive-app/rive-ios";
			requirement = {
				branch = main;
				kind = branch;
			};
		};
/* End XCRemoteSwiftPackageReference section */

/* Begin XCSwiftPackageProductDependency section */
		A2DB1F0128C3E5C0004C694E /* RiveRuntime */ = {
			isa = XCSwiftPackageProductDependency;
			package = A2DB1F0028C3E5C0004C694E /* XCRemoteSwiftPackageReference "rive-ios" */;
			productName = RiveRuntime;
		};
/* End XCSwiftPackageProductDependency section */
	};
	rootObject = A2DB1ED828C3E405004C694E /* Project object */;
}
